
Microsoft Visual Studio Solution File, Format Version 12.00
# Visual Studio Version 17
VisualStudioVersion = 17.4.33213.308
MinimumVisualStudioVersion = 10.0.40219.1
Project("{FAE04EC0-301F-11D3-BF4B-00C04F79EFBC}") = "Project1", "Project1\Project1.csproj", "{4D33A0B2-B38D-4C97-AAE3-AA78B7D29204}"
EndProject
Global
	GlobalSection(SolutionConfigurationPlatforms) = preSolution
		Debug|Any CPU = Debug|Any CPU
		Release|Any CPU = Release|Any CPU
	EndGlobalSection
	GlobalSection(ProjectConfigurationPlatforms) = postSolution
		{4D33A0B2-B38D-4C97-AAE3-AA78B7D29204}.Debug|Any CPU.ActiveCfg = Debug|Any CPU
		{4D33A0B2-B38D-4C97-AAE3-AA78B7D29204}.Debug|Any CPU.Build.0 = Debug|Any CPU
		{4D33A0B2-B38D-4C97-AAE3-AA78B7D29204}.Release|Any CPU.ActiveCfg = Release|Any CPU
		{4D33A0B2-B38D-4C97-AAE3-AA78B7D29204}.Release|Any CPU.Build.0 = Release|Any CPU
	EndGlobalSection
	GlobalSection(SolutionProperties) = preSolution
		HideSolutionNode = FALSE
	EndGlobalSection
	GlobalSection(ExtensibilityGlobals) = postSolution
		SolutionGuid = {305348C6-F868-470E-A807-E94C5A4D2CC7}
	EndGlobalSection
EndGlobal
